
Microsoft Visual Studio Solution File, Format Version 12.00
# Visual Studio Version 16
VisualStudioVersion = 16.0.31205.134
MinimumVisualStudioVersion = 10.0.40219.1
Project("{9A19103F-16F7-4668-BE54-9A1E7A4F7556}") = "homework 2.1", "homework 2.1.csproj", "{3F8E9AA5-CC6C-4ECE-80FB-9D5862D057BD}"
EndProject
Project("{9A19103F-16F7-4668-BE54-9A1E7A4F7556}") = "homework 2.2", "..\homework 2.2\homework 2.2.csproj", "{3195AF62-8A05-40D3-94A8-D6FD932764D1}"
EndProject
Project("{9A19103F-16F7-4668-BE54-9A1E7A4F7556}") = "homework 2.3", "..\homework 2.3\homework 2.3.csproj", "{25EB8C1F-FDCD-4BB1-BF8E-3D74AB246F8E}"
EndProject
Project("{9A19103F-16F7-4668-BE54-9A1E7A4F7556}") = "homework 2.4", "..\homework 2.4\homework 2.4.csproj", "{138B5267-6BCD-444F-ADD6-7366CB16843A}"
EndProject
Project("{FAE04EC0-301F-11D3-BF4B-00C04F79EFBC}") = "homework 2.5", "..\homework 2.5\homework 2.5.csproj", "{074A8085-73F3-47AE-B858-17A42971212F}"
EndProject
Global
	GlobalSection(SolutionConfigurationPlatforms) = preSolution
		Debug|Any CPU = Debug|Any CPU
		Release|Any CPU = Release|Any CPU
	EndGlobalSection
	GlobalSection(ProjectConfigurationPlatforms) = postSolution
		{3F8E9AA5-CC6C-4ECE-80FB-9D5862D057BD}.Debug|Any CPU.ActiveCfg = Debug|Any CPU
		{3F8E9AA5-CC6C-4ECE-80FB-9D5862D057BD}.Debug|Any CPU.Build.0 = Debug|Any CPU
		{3F8E9AA5-CC6C-4ECE-80FB-9D5862D057BD}.Release|Any CPU.ActiveCfg = Release|Any CPU
		{3F8E9AA5-CC6C-4ECE-80FB-9D5862D057BD}.Release|Any CPU.Build.0 = Release|Any CPU
		{3195AF62-8A05-40D3-94A8-D6FD932764D1}.Debug|Any CPU.ActiveCfg = Debug|Any CPU
		{3195AF62-8A05-40D3-94A8-D6FD932764D1}.Debug|Any CPU.Build.0 = Debug|Any CPU
		{3195AF62-8A05-40D3-94A8-D6FD932764D1}.Release|Any CPU.ActiveCfg = Release|Any CPU
		{3195AF62-8A05-40D3-94A8-D6FD932764D1}.Release|Any CPU.Build.0 = Release|Any CPU
		{25EB8C1F-FDCD-4BB1-BF8E-3D74AB246F8E}.Debug|Any CPU.ActiveCfg = Debug|Any CPU
		{25EB8C1F-FDCD-4BB1-BF8E-3D74AB246F8E}.Debug|Any CPU.Build.0 = Debug|Any CPU
		{25EB8C1F-FDCD-4BB1-BF8E-3D74AB246F8E}.Release|Any CPU.ActiveCfg = Release|Any CPU
		{25EB8C1F-FDCD-4BB1-BF8E-3D74AB246F8E}.Release|Any CPU.Build.0 = Release|Any CPU
		{138B5267-6BCD-444F-ADD6-7366CB16843A}.Debug|Any CPU.ActiveCfg = Debug|Any CPU
		{138B5267-6BCD-444F-ADD6-7366CB16843A}.Debug|Any CPU.Build.0 = Debug|Any CPU
		{138B5267-6BCD-444F-ADD6-7366CB16843A}.Release|Any CPU.ActiveCfg = Release|Any CPU
		{138B5267-6BCD-444F-ADD6-7366CB16843A}.Release|Any CPU.Build.0 = Release|Any CPU
		{074A8085-73F3-47AE-B858-17A42971212F}.Debug|Any CPU.ActiveCfg = Debug|Any CPU
		{074A8085-73F3-47AE-B858-17A42971212F}.Debug|Any CPU.Build.0 = Debug|Any CPU
		{074A8085-73F3-47AE-B858-17A42971212F}.Release|Any CPU.ActiveCfg = Release|Any CPU
		{074A8085-73F3-47AE-B858-17A42971212F}.Release|Any CPU.Build.0 = Release|Any CPU
	EndGlobalSection
	GlobalSection(SolutionProperties) = preSolution
		HideSolutionNode = FALSE
	EndGlobalSection
	GlobalSection(ExtensibilityGlobals) = postSolution
		SolutionGuid = {553F9BBA-7615-420A-9246-491B4BF9BB4D}
	EndGlobalSection
EndGlobal
